{
  "nodes": {
    "nixpkgs": {
      "locked": {
        "lastModified": 1764230294,
        "narHash": "sha256-Z63xl5Scj3Y/zRBPAWq1eT68n2wBWGCIEF4waZ0bQBE=",
        "owner": "nixos",
        "repo": "nixpkgs",
        "rev": "0d59e0290eefe0f12512043842d7096c4070f30e",
        "type": "github"
      },
      "original": {
        "owner": "nixos",
        "ref": "nixpkgs-unstable",
        "repo": "nixpkgs",
        "type": "github"
      }
    },
    "nixpkgs_2": {
      "locked": {
        "lastModified": 1762808364,
        "narHash": "sha256-nwxa9s+cjXZyFuTdFSKP5enPmhLfVOnNLlMhF25Uyf4=",
        "owner": "NixOS",
        "repo": "nixpkgs",
        "rev": "e1ce86c3e40327779390e98edab843d4a1cc9224",
        "type": "github"
      },
      "original": {
        "owner": "NixOS",
        "repo": "nixpkgs",
        "rev": "e1ce86c3e40327779390e98edab843d4a1cc9224",
        "type": "github"
      }
    },
    "ocamlOverlay": {
      "inputs": {
        "nixpkgs": "nixpkgs_2"
      },
      "locked": {
        "lastModified": 1762899092,
        "narHash": "sha256-Nl6547Q+Hw+RDV7cQnPmP6OTS7kncj9aN2Zx+HTlIeg=",
        "owner": "nix-ocaml",
        "repo": "nix-overlays",
        "rev": "ccbb9339d0c245d3e406516c1da5bbd76568d278",
        "type": "github"
      },
      "original": {
        "owner": "nix-ocaml",
        "repo": "nix-overlays",
        "type": "github"
      }
    },
    "root": {
      "inputs": {
        "nixpkgs": "nixpkgs",
        "ocamlOverlay": "ocamlOverlay"
      }
    }
  },
  "root": "root",
  "version": 7
}
