{
  "nodes": {
    "flake-utils": {
      "inputs": {
        "systems": "systems"
      },
      "locked": {
        "lastModified": 1726560853,
        "narHash": "sha256-X6rJYSESBVr3hBoH0WbKE5KvhPU5bloyZ2L4K60/fPQ=",
        "owner": "numtide",
        "repo": "flake-utils",
        "rev": "c1dfcf08411b08f6b8615f7d8971a2bfa81d5e8a",
        "type": "github"
      },
      "original": {
        "owner": "numtide",
        "repo": "flake-utils",
        "type": "github"
      }
    },
    "nixpkgs": {
      "locked": {
        "lastModified": 1729980323,
        "narHash": "sha256-eWPRZAlhf446bKSmzw6x7RWEE4IuZgAp8NW3eXZwRAY=",
        "owner": "nixos",
        "repo": "nixpkgs",
        "rev": "86e78d3d2084ff87688da662cf78c2af085d8e73",
        "type": "github"
      },
      "original": {
        "owner": "nixos",
        "ref": "nixpkgs-unstable",
        "repo": "nixpkgs",
        "type": "github"
      }
    },
    "nixpkgs_2": {
      "locked": {
        "lastModified": 1730114937,
        "narHash": "sha256-zI7gkSCycc48QsDgIVAeLEdnIfRmISja8ynoM0ohiK4=",
        "owner": "NixOS",
        "repo": "nixpkgs",
        "rev": "79e953a9d8cc26c71e1f60621f2b772ab544ae8c",
        "type": "github"
      },
      "original": {
        "owner": "NixOS",
        "repo": "nixpkgs",
        "rev": "79e953a9d8cc26c71e1f60621f2b772ab544ae8c",
        "type": "github"
      }
    },
    "nixpkgs_3": {
      "locked": {
        "lastModified": 1729880355,
        "narHash": "sha256-RP+OQ6koQQLX5nw0NmcDrzvGL8HDLnyXt/jHhL1jwjM=",
        "owner": "nixos",
        "repo": "nixpkgs",
        "rev": "18536bf04cd71abd345f9579158841376fdd0c5a",
        "type": "github"
      },
      "original": {
        "owner": "nixos",
        "ref": "nixos-unstable",
        "repo": "nixpkgs",
        "type": "github"
      }
    },
    "ocamlOverlay": {
      "inputs": {
        "flake-utils": "flake-utils",
        "nixpkgs": "nixpkgs_2"
      },
      "locked": {
        "lastModified": 1730149957,
        "narHash": "sha256-rEyRlBkCAaRu+WAhL3tAj/Sp/Sx54kYq0uMqHf42mqk=",
        "owner": "nix-ocaml",
        "repo": "nix-overlays",
        "rev": "8a02c34f9974a0760683eb58764fc25118215a7f",
        "type": "github"
      },
      "original": {
        "owner": "nix-ocaml",
        "repo": "nix-overlays",
        "type": "github"
      }
    },
    "root": {
      "inputs": {
        "nixpkgs": "nixpkgs",
        "ocamlOverlay": "ocamlOverlay",
        "zen-browser": "zen-browser"
      }
    },
    "systems": {
      "locked": {
        "lastModified": 1681028828,
        "narHash": "sha256-Vy1rq5AaRuLzOxct8nz4T6wlgyUR7zLU309k9mBC768=",
        "owner": "nix-systems",
        "repo": "default",
        "rev": "da67096a3b9bf56a91d16901293e51ba5b49a27e",
        "type": "github"
      },
      "original": {
        "owner": "nix-systems",
        "repo": "default",
        "type": "github"
      }
    },
    "zen-browser": {
      "inputs": {
        "nixpkgs": "nixpkgs_3"
      },
      "locked": {
        "lastModified": 1730078579,
        "narHash": "sha256-4h6PF9HYAfrOn1tY70mxauwBTWM6JLTs2AfzaBqFUrg=",
        "owner": "0xc000022070",
        "repo": "zen-browser-flake",
        "rev": "d0d8b3ee1b1740e4ecfe1a4f11dbcde1cdb782aa",
        "type": "github"
      },
      "original": {
        "owner": "0xc000022070",
        "repo": "zen-browser-flake",
        "type": "github"
      }
    }
  },
  "root": "root",
  "version": 7
}
